
Microsoft Visual Studio Solution File, Format Version 12.00
# Visual Studio Version 17
VisualStudioVersion = 17.0.32014.148
MinimumVisualStudioVersion = 10.0.40219.1
Project("{FAE04EC0-301F-11D3-BF4B-00C04F79EFBC}") = "Файлы", "Файлы\Файлы.csproj", "{223BAFB2-52F7-4451-9C07-531D4C31F195}"
EndProject
Global
	GlobalSection(SolutionConfigurationPlatforms) = preSolution
		Debug|Any CPU = Debug|Any CPU
		Release|Any CPU = Release|Any CPU
	EndGlobalSection
	GlobalSection(ProjectConfigurationPlatforms) = postSolution
		{223BAFB2-52F7-4451-9C07-531D4C31F195}.Debug|Any CPU.ActiveCfg = Debug|Any CPU
		{223BAFB2-52F7-4451-9C07-531D4C31F195}.Debug|Any CPU.Build.0 = Debug|Any CPU
		{223BAFB2-52F7-4451-9C07-531D4C31F195}.Release|Any CPU.ActiveCfg = Release|Any CPU
		{223BAFB2-52F7-4451-9C07-531D4C31F195}.Release|Any CPU.Build.0 = Release|Any CPU
	EndGlobalSection
	GlobalSection(SolutionProperties) = preSolution
		HideSolutionNode = FALSE
	EndGlobalSection
	GlobalSection(ExtensibilityGlobals) = postSolution
		SolutionGuid = {66DEE891-3E50-450C-B9EE-8180AC0B1B46}
	EndGlobalSection
EndGlobal
