
Microsoft Visual Studio Solution File, Format Version 12.00
# Visual Studio Version 17
VisualStudioVersion = 17.4.33205.214
MinimumVisualStudioVersion = 10.0.40219.1
Project("{FAE04EC0-301F-11D3-BF4B-00C04F79EFBC}") = "Наследование", "Наследование\Наследование.csproj", "{463F4776-BB8A-4EFC-84D7-275131B51F73}"
EndProject
Global
	GlobalSection(SolutionConfigurationPlatforms) = preSolution
		Debug|Any CPU = Debug|Any CPU
		Release|Any CPU = Release|Any CPU
	EndGlobalSection
	GlobalSection(ProjectConfigurationPlatforms) = postSolution
		{463F4776-BB8A-4EFC-84D7-275131B51F73}.Debug|Any CPU.ActiveCfg = Debug|Any CPU
		{463F4776-BB8A-4EFC-84D7-275131B51F73}.Debug|Any CPU.Build.0 = Debug|Any CPU
		{463F4776-BB8A-4EFC-84D7-275131B51F73}.Release|Any CPU.ActiveCfg = Release|Any CPU
		{463F4776-BB8A-4EFC-84D7-275131B51F73}.Release|Any CPU.Build.0 = Release|Any CPU
	EndGlobalSection
	GlobalSection(SolutionProperties) = preSolution
		HideSolutionNode = FALSE
	EndGlobalSection
	GlobalSection(ExtensibilityGlobals) = postSolution
		SolutionGuid = {F16BE6EA-E57C-4B15-B631-6D9D5BCCA2B2}
	EndGlobalSection
EndGlobal
